# This file is automatically @generated by Cargo.
# It is not intended for manual editing.
version = 4

[[package]]
name = "opus-rs"
version = "0.1.22"
source = "registry+https://github.com/rust-lang/crates.io-index"
checksum = "28911d75055df30f4e6203424619fd81d6435c5d63a9d9942968848db545f3b9"

[[package]]
name = "opus-wasip2-probe"
version = "0.1.0"
dependencies = [
 "opus-rs",
]
